
Microsoft Visual Studio Solution File, Format Version 11.00
# Visual Studio 2010
Project("{FAE04EC0-301F-11D3-BF4B-00C04F79EFBC}") = "UmbracoLabs.Relation", "UmbracoLabs.Relation\UmbracoLabs.Relation.csproj", "{1CBF593B-CFB1-4CD8-A456-423AC11D1CE9}"
EndProject
Project("{FAE04EC0-301F-11D3-BF4B-00C04F79EFBC}") = "UmbracoLabs.Web", "UmbracoLabs.Web\UmbracoLabs.Web.csproj", "{3C6546B9-81D0-4BBB-895D-258D9E38A93D}"
EndProject
Global
	GlobalSection(SolutionConfigurationPlatforms) = preSolution
		Debug|Any CPU = Debug|Any CPU
		Release|Any CPU = Release|Any CPU
	EndGlobalSection
	GlobalSection(ProjectConfigurationPlatforms) = postSolution
		{1CBF593B-CFB1-4CD8-A456-423AC11D1CE9}.Debug|Any CPU.ActiveCfg = Debug|Any CPU
		{1CBF593B-CFB1-4CD8-A456-423AC11D1CE9}.Debug|Any CPU.Build.0 = Debug|Any CPU
		{1CBF593B-CFB1-4CD8-A456-423AC11D1CE9}.Release|Any CPU.ActiveCfg = Release|Any CPU
		{1CBF593B-CFB1-4CD8-A456-423AC11D1CE9}.Release|Any CPU.Build.0 = Release|Any CPU
		{3C6546B9-81D0-4BBB-895D-258D9E38A93D}.Debug|Any CPU.ActiveCfg = Debug|Any CPU
		{3C6546B9-81D0-4BBB-895D-258D9E38A93D}.Debug|Any CPU.Build.0 = Debug|Any CPU
		{3C6546B9-81D0-4BBB-895D-258D9E38A93D}.Release|Any CPU.ActiveCfg = Release|Any CPU
		{3C6546B9-81D0-4BBB-895D-258D9E38A93D}.Release|Any CPU.Build.0 = Release|Any CPU
	EndGlobalSection
	GlobalSection(SolutionProperties) = preSolution
		HideSolutionNode = FALSE
	EndGlobalSection
EndGlobal
